# THIS IS AN AUTOGENERATED FILE. DO NOT EDIT THIS FILE DIRECTLY.
# yarn lockfile v1


"@hapi/b64@^6.0.0":
  version "6.0.0"
  resolved "https://registry.yarnpkg.com/@hapi/b64/-/b64-6.0.0.tgz#1d6bd751568964d20649c2247abb80c2d1bcf56e"
  integrity sha512-Es6o4BtzvMmNF28KJGuwUzUtMjF6ToZ1hQt3UOjaXc6TNkRefel+NyQSjc9b5q3Re7xwv23r0xK3Vo3yreaJHQ==
  dependencies:
    "@hapi/hoek" "^10.0.0"

"@hapi/boom@^10.0.0":
  version "10.0.0"
  resolved "https://registry.yarnpkg.com/@hapi/boom/-/boom-10.0.0.tgz#3624831d0a26b3378423b246f50eacea16e04a08"
  integrity sha512-1YVs9tLHhypBqqinKQRqh7FUERIolarQApO37OWkzD+z6y6USi871Sv746zBPKcIOBuI6g6y4FrwX87mmJ90Gg==
  dependencies:
    "@hapi/hoek" "10.x.x"

"@hapi/bourne@^3.0.0":
  version "3.0.0"
  resolved "https://registry.yarnpkg.com/@hapi/bourne/-/bourne-3.0.0.tgz#f11fdf7dda62fe8e336fa7c6642d9041f30356d7"
  integrity sha512-Waj1cwPXJDucOib4a3bAISsKJVb15MKi9IvmTI/7ssVEm6sywXGjVJDhl6/umt1pK1ZS7PacXU3A1PmFKHEZ2w==

"@hapi/cryptiles@^6.0.0":
  version "6.0.0"
  resolved "https://registry.yarnpkg.com/@hapi/cryptiles/-/cryptiles-6.0.0.tgz#730294830b04de9a35a83d7609eb67338dae6c5e"
  integrity sha512-CUypQJI2F3HaKZjwlky3KyLu7p0O4WJXNJj+2AZ0czqwkwQIz8j+btOkzA3OMar8WTntnCrDx0f92PzxEK+JlA==
  dependencies:
    "@hapi/boom" "^10.0.0"

"@hapi/hoek@10.x.x", "@hapi/hoek@^10.0.0":
  version "10.0.1"
  resolved "https://registry.yarnpkg.com/@hapi/hoek/-/hoek-10.0.1.tgz#ee9da297fabc557e1c040a0f44ee89c266ccc306"
  integrity sha512-CvlW7jmOhWzuqOqiJQ3rQVLMcREh0eel4IBnxDx2FAcK8g7qoJRQK4L1CPBASoCY6y8e6zuCy3f2g+HWdkzcMw==

"@hapi/iron@^7.0.0":
  version "7.0.0"
  resolved "https://registry.yarnpkg.com/@hapi/iron/-/iron-7.0.0.tgz#8a69b3e4cd69e908baf23cfeeb6c06d27b53a3bc"
  integrity sha512-NNXJP5fpeiTCPj/4OJG2PWBjWC0/V5D8YggS9RZeuBbfUUuTYE6TbdGqLUsCzIpPI54I8W5dhwEGbRv1CnWQtw==
  dependencies:
    "@hapi/b64" "^6.0.0"
    "@hapi/boom" "^10.0.0"
    "@hapi/bourne" "^3.0.0"
    "@hapi/cryptiles" "^6.0.0"
    "@hapi/hoek" "^10.0.0"

iron-webcrypto@^0.4.0:
  version "0.4.0"
  resolved "https://registry.yarnpkg.com/iron-webcrypto/-/iron-webcrypto-0.4.0.tgz#8e23931ea0649c9c5cefb5e43c8375e60cd7952d"
  integrity sha512-5OG53gJ4dBTq4y3IJqK7MEG9CPZRsYn9EP9J4jjgH4TcP/ywdsSMAmqj9VTSzdXu0/xfUrqjGHU7WLUme2+k5Q==
